// !$*UTF8*$!
{
	archiveVersion = 1;
	classes = {
	};
	objectVersion = 55;
	objects = {

/* Begin PBXBuildFile section */
		E02A4826282D16D300EA7B87 /* Position.swift in Sources */ = {isa = PBXBuildFile; fileRef = E02A4825282D16D300EA7B87 /* Position.swift */; };
		E02A4828282F4C1C00EA7B87 /* GettingInsideManager.swift in Sources */ = {isa = PBXBuildFile; fileRef = E02A4827282F4C1C00EA7B87 /* GettingInsideManager.swift */; };
		E02A482A282FC46700EA7B87 /* AlertManager.swift in Sources */ = {isa = PBXBuildFile; fileRef = E02A4829282FC46700EA7B87 /* AlertManager.swift */; };
		E03A4F032817370D0087BD9F /* AppDelegate.swift in Sources */ = {isa = PBXBuildFile; fileRef = E03A4F022817370D0087BD9F /* AppDelegate.swift */; };
		E03A4F052817370D0087BD9F /* SceneDelegate.swift in Sources */ = {isa = PBXBuildFile; fileRef = E03A4F042817370D0087BD9F /* SceneDelegate.swift */; };
		E03A4F0A2817370D0087BD9F /* Main.storyboard in Resources */ = {isa = PBXBuildFile; fileRef = E03A4F082817370D0087BD9F /* Main.storyboard */; };
		E03A4F0D2817370D0087BD9F /* Local_positioning_system.xcdatamodeld in Sources */ = {isa = PBXBuildFile; fileRef = E03A4F0B2817370D0087BD9F /* Local_positioning_system.xcdatamodeld */; };
		E03A4F0F2817370F0087BD9F /* Assets.xcassets in Resources */ = {isa = PBXBuildFile; fileRef = E03A4F0E2817370F0087BD9F /* Assets.xcassets */; };
		E03A4F122817370F0087BD9F /* LaunchScreen.storyboard in Resources */ = {isa = PBXBuildFile; fileRef = E03A4F102817370F0087BD9F /* LaunchScreen.storyboard */; };
		E03A4F27281737100087BD9F /* Local_positioning_systemUITests.swift in Sources */ = {isa = PBXBuildFile; fileRef = E03A4F26281737100087BD9F /* Local_positioning_systemUITests.swift */; };
		E03A4F29281737100087BD9F /* Local_positioning_systemUITestsLaunchTests.swift in Sources */ = {isa = PBXBuildFile; fileRef = E03A4F28281737100087BD9F /* Local_positioning_systemUITestsLaunchTests.swift */; };
		E08EAE6F281747A5005F6A69 /* MainViewController.swift in Sources */ = {isa = PBXBuildFile; fileRef = E08EAE6E281747A5005F6A69 /* MainViewController.swift */; };
		E08EAE71281747D6005F6A69 /* MainViewCotrollerTests.swift in Sources */ = {isa = PBXBuildFile; fileRef = E08EAE70281747D6005F6A69 /* MainViewCotrollerTests.swift */; };
		E08EAE7328174866005F6A69 /* PositioningManager.swift in Sources */ = {isa = PBXBuildFile; fileRef = E08EAE7228174866005F6A69 /* PositioningManager.swift */; };
		E08EAE75281748F3005F6A69 /* PositioningMotionManagerTests.swift in Sources */ = {isa = PBXBuildFile; fileRef = E08EAE74281748F3005F6A69 /* PositioningMotionManagerTests.swift */; };
		E08EAE7C281749F3005F6A69 /* MainViewModel.swift in Sources */ = {isa = PBXBuildFile; fileRef = E08EAE7B281749F3005F6A69 /* MainViewModel.swift */; };
		E08EAE7E28174A0C005F6A69 /* MainViewModelTests.swift in Sources */ = {isa = PBXBuildFile; fileRef = E08EAE7D28174A0C005F6A69 /* MainViewModelTests.swift */; };
		E0E31D802817782C00AD79C4 /* PositioningMotionManager.swift in Sources */ = {isa = PBXBuildFile; fileRef = E0E31D7F2817782C00AD79C4 /* PositioningMotionManager.swift */; };
		E0E31D822817785E00AD79C4 /* PositioningManagerTests.swift in Sources */ = {isa = PBXBuildFile; fileRef = E0E31D812817785E00AD79C4 /* PositioningManagerTests.swift */; };
		E0E31D8428177DED00AD79C4 /* UserAcceleration.swift in Sources */ = {isa = PBXBuildFile; fileRef = E0E31D8328177DED00AD79C4 /* UserAcceleration.swift */; };
		E0E31D8628177E3200AD79C4 /* Attitude.swift in Sources */ = {isa = PBXBuildFile; fileRef = E0E31D8528177E3200AD79C4 /* Attitude.swift */; };
		E0E31D8828177E6300AD79C4 /* RotationRate.swift in Sources */ = {isa = PBXBuildFile; fileRef = E0E31D8728177E6300AD79C4 /* RotationRate.swift */; };
		E0E31D8A28177E8600AD79C4 /* Gravity.swift in Sources */ = {isa = PBXBuildFile; fileRef = E0E31D8928177E8600AD79C4 /* Gravity.swift */; };
		E0E31D8C281784AA00AD79C4 /* MotionData.swift in Sources */ = {isa = PBXBuildFile; fileRef = E0E31D8B281784AA00AD79C4 /* MotionData.swift */; };
		E0E31D8E2818054200AD79C4 /* ReducingInaccuracyManager.swift in Sources */ = {isa = PBXBuildFile; fileRef = E0E31D8D2818054200AD79C4 /* ReducingInaccuracyManager.swift */; };
		E0E31D902818056500AD79C4 /* ReducingInaccuracyManagerTests.swift in Sources */ = {isa = PBXBuildFile; fileRef = E0E31D8F2818056500AD79C4 /* ReducingInaccuracyManagerTests.swift */; };
		E0E31D9228182B8200AD79C4 /* RotationRateTests.swift in Sources */ = {isa = PBXBuildFile; fileRef = E0E31D9128182B8200AD79C4 /* RotationRateTests.swift */; };
		E0E31D9428182DE200AD79C4 /* AttitudeTests.swift in Sources */ = {isa = PBXBuildFile; fileRef = E0E31D9328182DE200AD79C4 /* AttitudeTests.swift */; };
		E0E31D9628182E9F00AD79C4 /* MotionProtocol.swift in Sources */ = {isa = PBXBuildFile; fileRef = E0E31D9528182E9F00AD79C4 /* MotionProtocol.swift */; };
		E0E31D9828182FB300AD79C4 /* UserAccelerationTests.swift in Sources */ = {isa = PBXBuildFile; fileRef = E0E31D9728182FB300AD79C4 /* UserAccelerationTests.swift */; };
		E0E31D9A2818312100AD79C4 /* GravityTests.swift in Sources */ = {isa = PBXBuildFile; fileRef = E0E31D992818312100AD79C4 /* GravityTests.swift */; };
		E0E31D9D28184DDC00AD79C4 /* MovementAnalysisManager.swift in Sources */ = {isa = PBXBuildFile; fileRef = E0E31D9C28184DDC00AD79C4 /* MovementAnalysisManager.swift */; };
		E0E31D9F28184DEE00AD79C4 /* MovementAnalysisManagerTests.swift in Sources */ = {isa = PBXBuildFile; fileRef = E0E31D9E28184DEE00AD79C4 /* MovementAnalysisManagerTests.swift */; };
		E0E31DA7281982B900AD79C4 /* ScrollViewDelegate.swift in Sources */ = {isa = PBXBuildFile; fileRef = E0E31DA6281982B900AD79C4 /* ScrollViewDelegate.swift */; };
		E0E31DA9281982FE00AD79C4 /* ScrollViewDelegateTests.swift in Sources */ = {isa = PBXBuildFile; fileRef = E0E31DA8281982FE00AD79C4 /* ScrollViewDelegateTests.swift */; };
		E0E31DAD2819AD6B00AD79C4 /* MapManager.swift in Sources */ = {isa = PBXBuildFile; fileRef = E0E31DAC2819AD6B00AD79C4 /* MapManager.swift */; };
		E0E31DB12819AD9400AD79C4 /* MapManagerTests.swift in Sources */ = {isa = PBXBuildFile; fileRef = E0E31DB02819AD9400AD79C4 /* MapManagerTests.swift */; };
		E0E31DB32819AEB300AD79C4 /* BuildingCoordinate.swift in Sources */ = {isa = PBXBuildFile; fileRef = E0E31DB22819AEB300AD79C4 /* BuildingCoordinate.swift */; };
		E0E31DB52819B05E00AD79C4 /* Data.plist in Resources */ = {isa = PBXBuildFile; fileRef = E0E31DB42819B05E00AD79C4 /* Data.plist */; };
		E0E31DB72819B18100AD79C4 /* BuildingCoordinateTests.swift in Sources */ = {isa = PBXBuildFile; fileRef = E0E31DB62819B18100AD79C4 /* BuildingCoordinateTests.swift */; };
		E0E31DB92819D41B00AD79C4 /* BuildingProtocol.swift in Sources */ = {isa = PBXBuildFile; fileRef = E0E31DB82819D41B00AD79C4 /* BuildingProtocol.swift */; };
		E0E31DBB2819D47D00AD79C4 /* BuildingArea.swift in Sources */ = {isa = PBXBuildFile; fileRef = E0E31DBA2819D47D00AD79C4 /* BuildingArea.swift */; };
		E0E31DBD2819D90900AD79C4 /* BuildingAreaTests.swift in Sources */ = {isa = PBXBuildFile; fileRef = E0E31DBC2819D90900AD79C4 /* BuildingAreaTests.swift */; };
		E0E31DBF2819DAB700AD79C4 /* BuildingManager.swift in Sources */ = {isa = PBXBuildFile; fileRef = E0E31DBE2819DAB700AD79C4 /* BuildingManager.swift */; };
		E0E31DC12819DAD300AD79C4 /* BuildingManagerTests.swift in Sources */ = {isa = PBXBuildFile; fileRef = E0E31DC02819DAD300AD79C4 /* BuildingManagerTests.swift */; };
		E0E31DC32819E14500AD79C4 /* LocationManagerDelegate.swift in Sources */ = {isa = PBXBuildFile; fileRef = E0E31DC22819E14500AD79C4 /* LocationManagerDelegate.swift */; };
		E0E31DC52819E18A00AD79C4 /* LocationManagerDelegateTests.swift in Sources */ = {isa = PBXBuildFile; fileRef = E0E31DC42819E18A00AD79C4 /* LocationManagerDelegateTests.swift */; };
		E0E31DC72819E35600AD79C4 /* LocationServicesManager.swift in Sources */ = {isa = PBXBuildFile; fileRef = E0E31DC62819E35600AD79C4 /* LocationServicesManager.swift */; };
		E0E31DC92819E36F00AD79C4 /* LocationServicesManagerTests.swift in Sources */ = {isa = PBXBuildFile; fileRef = E0E31DC82819E36F00AD79C4 /* LocationServicesManagerTests.swift */; };
		E0E31DCB2819F4B300AD79C4 /* TimerManager.swift in Sources */ = {isa = PBXBuildFile; fileRef = E0E31DCA2819F4B300AD79C4 /* TimerManager.swift */; };
		E0E31DCD2819F4C300AD79C4 /* TimerManagerTests.swift in Sources */ = {isa = PBXBuildFile; fileRef = E0E31DCC2819F4C300AD79C4 /* TimerManagerTests.swift */; };
		E0E31DD7281AF55400AD79C4 /* UserManager.swift in Sources */ = {isa = PBXBuildFile; fileRef = E0E31DD6281AF55400AD79C4 /* UserManager.swift */; };
		E0E31DD9281AF56D00AD79C4 /* UserManagerTests.swift in Sources */ = {isa = PBXBuildFile; fileRef = E0E31DD8281AF56D00AD79C4 /* UserManagerTests.swift */; };
		E0E31DDB281B586A00AD79C4 /* PhysMathManager.swift in Sources */ = {isa = PBXBuildFile; fileRef = E0E31DDA281B586A00AD79C4 /* PhysMathManager.swift */; };
		E0E31DDD281B593800AD79C4 /* PhysMathManagerTests.swift in Sources */ = {isa = PBXBuildFile; fileRef = E0E31DDC281B593800AD79C4 /* PhysMathManagerTests.swift */; };
		E0E31DE1281C280C00AD79C4 /* TriangleSides.swift in Sources */ = {isa = PBXBuildFile; fileRef = E0E31DE0281C280C00AD79C4 /* TriangleSides.swift */; };
/* End PBXBuildFile section */

/* Begin PBXContainerItemProxy section */
		E03A4F192817370F0087BD9F /* PBXContainerItemProxy */ = {
			isa = PBXContainerItemProxy;
			containerPortal = E03A4EF72817370D0087BD9F /* Project object */;
			proxyType = 1;
			remoteGlobalIDString = E03A4EFE2817370D0087BD9F;
			remoteInfo = "Local positioning system";
		};
		E03A4F23281737100087BD9F /* PBXContainerItemProxy */ = {
			isa = PBXContainerItemProxy;
			containerPortal = E03A4EF72817370D0087BD9F /* Project object */;
			proxyType = 1;
			remoteGlobalIDString = E03A4EFE2817370D0087BD9F;
			remoteInfo = "Local positioning system";
		};
/* End PBXContainerItemProxy section */

/* Begin PBXFileReference section */
		E02A4825282D16D300EA7B87 /* Position.swift */ = {isa = PBXFileReference; lastKnownFileType = sourcecode.swift; path = Position.swift; sourceTree = "<group>"; };
		E02A4827282F4C1C00EA7B87 /* GettingInsideManager.swift */ = {isa = PBXFileReference; lastKnownFileType = sourcecode.swift; path = GettingInsideManager.swift; sourceTree = "<group>"; };
		E02A4829282FC46700EA7B87 /* AlertManager.swift */ = {isa = PBXFileReference; lastKnownFileType = sourcecode.swift; path = AlertManager.swift; sourceTree = "<group>"; };
		E03A4EFF2817370D0087BD9F /* Local positioning system.app */ = {isa = PBXFileReference; explicitFileType = wrapper.application; includeInIndex = 0; path = "Local positioning system.app"; sourceTree = BUILT_PRODUCTS_DIR; };
		E03A4F022817370D0087BD9F /* AppDelegate.swift */ = {isa = PBXFileReference; lastKnownFileType = sourcecode.swift; path = AppDelegate.swift; sourceTree = "<group>"; };
		E03A4F042817370D0087BD9F /* SceneDelegate.swift */ = {isa = PBXFileReference; lastKnownFileType = sourcecode.swift; path = SceneDelegate.swift; sourceTree = "<group>"; };
		E03A4F092817370D0087BD9F /* Base */ = {isa = PBXFileReference; lastKnownFileType = file.storyboard; name = Base; path = Base.lproj/Main.storyboard; sourceTree = "<group>"; };
		E03A4F0C2817370D0087BD9F /* Local_positioning_system.xcdatamodel */ = {isa = PBXFileReference; lastKnownFileType = wrapper.xcdatamodel; path = Local_positioning_system.xcdatamodel; sourceTree = "<group>"; };
		E03A4F0E2817370F0087BD9F /* Assets.xcassets */ = {isa = PBXFileReference; lastKnownFileType = folder.assetcatalog; path = Assets.xcassets; sourceTree = "<group>"; };
		E03A4F112817370F0087BD9F /* Base */ = {isa = PBXFileReference; lastKnownFileType = file.storyboard; name = Base; path = Base.lproj/LaunchScreen.storyboard; sourceTree = "<group>"; };
		E03A4F132817370F0087BD9F /* Info.plist */ = {isa = PBXFileReference; lastKnownFileType = text.plist.xml; path = Info.plist; sourceTree = "<group>"; };
		E03A4F182817370F0087BD9F /* Local positioning systemTests.xctest */ = {isa = PBXFileReference; explicitFileType = wrapper.cfbundle; includeInIndex = 0; path = "Local positioning systemTests.xctest"; sourceTree = BUILT_PRODUCTS_DIR; };
		E03A4F22281737100087BD9F /* Local positioning systemUITests.xctest */ = {isa = PBXFileReference; explicitFileType = wrapper.cfbundle; includeInIndex = 0; path = "Local positioning systemUITests.xctest"; sourceTree = BUILT_PRODUCTS_DIR; };
		E03A4F26281737100087BD9F /* Local_positioning_systemUITests.swift */ = {isa = PBXFileReference; lastKnownFileType = sourcecode.swift; path = Local_positioning_systemUITests.swift; sourceTree = "<group>"; };
		E03A4F28281737100087BD9F /* Local_positioning_systemUITestsLaunchTests.swift */ = {isa = PBXFileReference; lastKnownFileType = sourcecode.swift; path = Local_positioning_systemUITestsLaunchTests.swift; sourceTree = "<group>"; };
		E08EAE6E281747A5005F6A69 /* MainViewController.swift */ = {isa = PBXFileReference; lastKnownFileType = sourcecode.swift; path = MainViewController.swift; sourceTree = "<group>"; };
		E08EAE70281747D6005F6A69 /* MainViewCotrollerTests.swift */ = {isa = PBXFileReference; lastKnownFileType = sourcecode.swift; path = MainViewCotrollerTests.swift; sourceTree = "<group>"; };
		E08EAE7228174866005F6A69 /* PositioningManager.swift */ = {isa = PBXFileReference; lastKnownFileType = sourcecode.swift; path = PositioningManager.swift; sourceTree = "<group>"; };
		E08EAE74281748F3005F6A69 /* PositioningMotionManagerTests.swift */ = {isa = PBXFileReference; lastKnownFileType = sourcecode.swift; path = PositioningMotionManagerTests.swift; sourceTree = "<group>"; };
		E08EAE7B281749F3005F6A69 /* MainViewModel.swift */ = {isa = PBXFileReference; lastKnownFileType = sourcecode.swift; path = MainViewModel.swift; sourceTree = "<group>"; };
		E08EAE7D28174A0C005F6A69 /* MainViewModelTests.swift */ = {isa = PBXFileReference; lastKnownFileType = sourcecode.swift; path = MainViewModelTests.swift; sourceTree = "<group>"; };
		E0E31D7F2817782C00AD79C4 /* PositioningMotionManager.swift */ = {isa = PBXFileReference; lastKnownFileType = sourcecode.swift; path = PositioningMotionManager.swift; sourceTree = "<group>"; };
		E0E31D812817785E00AD79C4 /* PositioningManagerTests.swift */ = {isa = PBXFileReference; lastKnownFileType = sourcecode.swift; path = PositioningManagerTests.swift; sourceTree = "<group>"; };
		E0E31D8328177DED00AD79C4 /* UserAcceleration.swift */ = {isa = PBXFileReference; lastKnownFileType = sourcecode.swift; path = UserAcceleration.swift; sourceTree = "<group>"; };
		E0E31D8528177E3200AD79C4 /* Attitude.swift */ = {isa = PBXFileReference; lastKnownFileType = sourcecode.swift; path = Attitude.swift; sourceTree = "<group>"; };
		E0E31D8728177E6300AD79C4 /* RotationRate.swift */ = {isa = PBXFileReference; lastKnownFileType = sourcecode.swift; path = RotationRate.swift; sourceTree = "<group>"; };
		E0E31D8928177E8600AD79C4 /* Gravity.swift */ = {isa = PBXFileReference; lastKnownFileType = sourcecode.swift; path = Gravity.swift; sourceTree = "<group>"; };
		E0E31D8B281784AA00AD79C4 /* MotionData.swift */ = {isa = PBXFileReference; lastKnownFileType = sourcecode.swift; path = MotionData.swift; sourceTree = "<group>"; };
		E0E31D8D2818054200AD79C4 /* ReducingInaccuracyManager.swift */ = {isa = PBXFileReference; lastKnownFileType = sourcecode.swift; path = ReducingInaccuracyManager.swift; sourceTree = "<group>"; };
		E0E31D8F2818056500AD79C4 /* ReducingInaccuracyManagerTests.swift */ = {isa = PBXFileReference; lastKnownFileType = sourcecode.swift; path = ReducingInaccuracyManagerTests.swift; sourceTree = "<group>"; };
		E0E31D9128182B8200AD79C4 /* RotationRateTests.swift */ = {isa = PBXFileReference; lastKnownFileType = sourcecode.swift; path = RotationRateTests.swift; sourceTree = "<group>"; };
		E0E31D9328182DE200AD79C4 /* AttitudeTests.swift */ = {isa = PBXFileReference; lastKnownFileType = sourcecode.swift; path = AttitudeTests.swift; sourceTree = "<group>"; };
		E0E31D9528182E9F00AD79C4 /* MotionProtocol.swift */ = {isa = PBXFileReference; lastKnownFileType = sourcecode.swift; path = MotionProtocol.swift; sourceTree = "<group>"; };
		E0E31D9728182FB300AD79C4 /* UserAccelerationTests.swift */ = {isa = PBXFileReference; lastKnownFileType = sourcecode.swift; path = UserAccelerationTests.swift; sourceTree = "<group>"; };
		E0E31D992818312100AD79C4 /* GravityTests.swift */ = {isa = PBXFileReference; lastKnownFileType = sourcecode.swift; path = GravityTests.swift; sourceTree = "<group>"; };
		E0E31D9C28184DDC00AD79C4 /* MovementAnalysisManager.swift */ = {isa = PBXFileReference; lastKnownFileType = sourcecode.swift; path = MovementAnalysisManager.swift; sourceTree = "<group>"; };
		E0E31D9E28184DEE00AD79C4 /* MovementAnalysisManagerTests.swift */ = {isa = PBXFileReference; lastKnownFileType = sourcecode.swift; path = MovementAnalysisManagerTests.swift; sourceTree = "<group>"; };
		E0E31DA6281982B900AD79C4 /* ScrollViewDelegate.swift */ = {isa = PBXFileReference; lastKnownFileType = sourcecode.swift; path = ScrollViewDelegate.swift; sourceTree = "<group>"; };
		E0E31DA8281982FE00AD79C4 /* ScrollViewDelegateTests.swift */ = {isa = PBXFileReference; lastKnownFileType = sourcecode.swift; path = ScrollViewDelegateTests.swift; sourceTree = "<group>"; };
		E0E31DAC2819AD6B00AD79C4 /* MapManager.swift */ = {isa = PBXFileReference; lastKnownFileType = sourcecode.swift; path = MapManager.swift; sourceTree = "<group>"; };
		E0E31DB02819AD9400AD79C4 /* MapManagerTests.swift */ = {isa = PBXFileReference; lastKnownFileType = sourcecode.swift; path = MapManagerTests.swift; sourceTree = "<group>"; };
		E0E31DB22819AEB300AD79C4 /* BuildingCoordinate.swift */ = {isa = PBXFileReference; lastKnownFileType = sourcecode.swift; path = BuildingCoordinate.swift; sourceTree = "<group>"; };
		E0E31DB42819B05E00AD79C4 /* Data.plist */ = {isa = PBXFileReference; lastKnownFileType = text.plist.xml; path = Data.plist; sourceTree = "<group>"; };
		E0E31DB62819B18100AD79C4 /* BuildingCoordinateTests.swift */ = {isa = PBXFileReference; lastKnownFileType = sourcecode.swift; path = BuildingCoordinateTests.swift; sourceTree = "<group>"; };
		E0E31DB82819D41B00AD79C4 /* BuildingProtocol.swift */ = {isa = PBXFileReference; lastKnownFileType = sourcecode.swift; path = BuildingProtocol.swift; sourceTree = "<group>"; };
		E0E31DBA2819D47D00AD79C4 /* BuildingArea.swift */ = {isa = PBXFileReference; lastKnownFileType = sourcecode.swift; path = BuildingArea.swift; sourceTree = "<group>"; };
		E0E31DBC2819D90900AD79C4 /* BuildingAreaTests.swift */ = {isa = PBXFileReference; lastKnownFileType = sourcecode.swift; path = BuildingAreaTests.swift; sourceTree = "<group>"; };
		E0E31DBE2819DAB700AD79C4 /* BuildingManager.swift */ = {isa = PBXFileReference; lastKnownFileType = sourcecode.swift; path = BuildingManager.swift; sourceTree = "<group>"; };
		E0E31DC02819DAD300AD79C4 /* BuildingManagerTests.swift */ = {isa = PBXFileReference; lastKnownFileType = sourcecode.swift; path = BuildingManagerTests.swift; sourceTree = "<group>"; };
		E0E31DC22819E14500AD79C4 /* LocationManagerDelegate.swift */ = {isa = PBXFileReference; lastKnownFileType = sourcecode.swift; path = LocationManagerDelegate.swift; sourceTree = "<group>"; };
		E0E31DC42819E18A00AD79C4 /* LocationManagerDelegateTests.swift */ = {isa = PBXFileReference; lastKnownFileType = sourcecode.swift; path = LocationManagerDelegateTests.swift; sourceTree = "<group>"; };
		E0E31DC62819E35600AD79C4 /* LocationServicesManager.swift */ = {isa = PBXFileReference; lastKnownFileType = sourcecode.swift; path = LocationServicesManager.swift; sourceTree = "<group>"; };
		E0E31DC82819E36F00AD79C4 /* LocationServicesManagerTests.swift */ = {isa = PBXFileReference; lastKnownFileType = sourcecode.swift; path = LocationServicesManagerTests.swift; sourceTree = "<group>"; };
		E0E31DCA2819F4B300AD79C4 /* TimerManager.swift */ = {isa = PBXFileReference; lastKnownFileType = sourcecode.swift; path = TimerManager.swift; sourceTree = "<group>"; };
		E0E31DCC2819F4C300AD79C4 /* TimerManagerTests.swift */ = {isa = PBXFileReference; lastKnownFileType = sourcecode.swift; path = TimerManagerTests.swift; sourceTree = "<group>"; };
		E0E31DD6281AF55400AD79C4 /* UserManager.swift */ = {isa = PBXFileReference; lastKnownFileType = sourcecode.swift; path = UserManager.swift; sourceTree = "<group>"; };
		E0E31DD8281AF56D00AD79C4 /* UserManagerTests.swift */ = {isa = PBXFileReference; lastKnownFileType = sourcecode.swift; path = UserManagerTests.swift; sourceTree = "<group>"; };
		E0E31DDA281B586A00AD79C4 /* PhysMathManager.swift */ = {isa = PBXFileReference; lastKnownFileType = sourcecode.swift; path = PhysMathManager.swift; sourceTree = "<group>"; };
		E0E31DDC281B593800AD79C4 /* PhysMathManagerTests.swift */ = {isa = PBXFileReference; lastKnownFileType = sourcecode.swift; path = PhysMathManagerTests.swift; sourceTree = "<group>"; };
		E0E31DE0281C280C00AD79C4 /* TriangleSides.swift */ = {isa = PBXFileReference; lastKnownFileType = sourcecode.swift; path = TriangleSides.swift; sourceTree = "<group>"; };
/* End PBXFileReference section */

/* Begin PBXFrameworksBuildPhase section */
		E03A4EFC2817370D0087BD9F /* Frameworks */ = {
			isa = PBXFrameworksBuildPhase;
			buildActionMask = 2147483647;
			files = (
			);
			runOnlyForDeploymentPostprocessing = 0;
		};
		E03A4F152817370F0087BD9F /* Frameworks */ = {
			isa = PBXFrameworksBuildPhase;
			buildActionMask = 2147483647;
			files = (
			);
			runOnlyForDeploymentPostprocessing = 0;
		};
		E03A4F1F281737100087BD9F /* Frameworks */ = {
			isa = PBXFrameworksBuildPhase;
			buildActionMask = 2147483647;
			files = (
			);
			runOnlyForDeploymentPostprocessing = 0;
		};
/* End PBXFrameworksBuildPhase section */

/* Begin PBXGroup section */
		E03A4EF62817370D0087BD9F = {
			isa = PBXGroup;
			children = (
				E03A4F012817370D0087BD9F /* Local positioning system */,
				E03A4F1B2817370F0087BD9F /* Local positioning systemTests */,
				E03A4F25281737100087BD9F /* Local positioning systemUITests */,
				E03A4F002817370D0087BD9F /* Products */,
			);
			sourceTree = "<group>";
		};
		E03A4F002817370D0087BD9F /* Products */ = {
			isa = PBXGroup;
			children = (
				E03A4EFF2817370D0087BD9F /* Local positioning system.app */,
				E03A4F182817370F0087BD9F /* Local positioning systemTests.xctest */,
				E03A4F22281737100087BD9F /* Local positioning systemUITests.xctest */,
			);
			name = Products;
			sourceTree = "<group>";
		};
		E03A4F012817370D0087BD9F /* Local positioning system */ = {
			isa = PBXGroup;
			children = (
				E0E31D9B2818347200AD79C4 /* Protocol */,
				E08EAE7628174950005F6A69 /* Model */,
				E08EAE7828174963005F6A69 /* View */,
				E08EAE792817496A005F6A69 /* ViewModel */,
				E08EAE7A281749A1005F6A69 /* Manager */,
				E03A4F35281737690087BD9F /* Supporting */,
			);
			path = "Local positioning system";
			sourceTree = "<group>";
		};
		E03A4F1B2817370F0087BD9F /* Local positioning systemTests */ = {
			isa = PBXGroup;
			children = (
				E08EAE8228174CA4005F6A69 /* Model */,
				E08EAE8128174CA1005F6A69 /* View */,
				E08EAE8028174C9B005F6A69 /* ViewModel */,
				E08EAE7F28174C8E005F6A69 /* Manager */,
			);
			path = "Local positioning systemTests";
			sourceTree = "<group>";
		};
		E03A4F25281737100087BD9F /* Local positioning systemUITests */ = {
			isa = PBXGroup;
			children = (
				E03A4F26281737100087BD9F /* Local_positioning_systemUITests.swift */,
				E03A4F28281737100087BD9F /* Local_positioning_systemUITestsLaunchTests.swift */,
			);
			path = "Local positioning systemUITests";
			sourceTree = "<group>";
		};
		E03A4F35281737690087BD9F /* Supporting */ = {
			isa = PBXGroup;
			children = (
				E03A4F082817370D0087BD9F /* Main.storyboard */,
				E03A4F102817370F0087BD9F /* LaunchScreen.storyboard */,
				E03A4F022817370D0087BD9F /* AppDelegate.swift */,
				E03A4F042817370D0087BD9F /* SceneDelegate.swift */,
				E03A4F0E2817370F0087BD9F /* Assets.xcassets */,
				E03A4F132817370F0087BD9F /* Info.plist */,
				E0E31DB42819B05E00AD79C4 /* Data.plist */,
				E03A4F0B2817370D0087BD9F /* Local_positioning_system.xcdatamodeld */,
			);
			path = Supporting;
			sourceTree = "<group>";
		};
		E08EAE7628174950005F6A69 /* Model */ = {
			isa = PBXGroup;
			children = (
				E0E31DE0281C280C00AD79C4 /* TriangleSides.swift */,
				E02A4825282D16D300EA7B87 /* Position.swift */,
				E0E31DD1281A0A1500AD79C4 /* Motion Data */,
				E0E31DD0281A0A0600AD79C4 /* Building */,
			);
			path = Model;
			sourceTree = "<group>";
		};
		E08EAE7828174963005F6A69 /* View */ = {
			isa = PBXGroup;
			children = (
				E08EAE6E281747A5005F6A69 /* MainViewController.swift */,
			);
			path = View;
			sourceTree = "<group>";
		};
		E08EAE792817496A005F6A69 /* ViewModel */ = {
			isa = PBXGroup;
			children = (
				E08EAE7B281749F3005F6A69 /* MainViewModel.swift */,
				E0E31DCE281A09E100AD79C4 /* Delegate */,
			);
			path = ViewModel;
			sourceTree = "<group>";
		};
		E08EAE7A281749A1005F6A69 /* Manager */ = {
			isa = PBXGroup;
			children = (
				E02A4829282FC46700EA7B87 /* AlertManager.swift */,
				E0E31DAC2819AD6B00AD79C4 /* MapManager.swift */,
				E0E31DD6281AF55400AD79C4 /* UserManager.swift */,
				E0E31DBE2819DAB700AD79C4 /* BuildingManager.swift */,
				E0E31DC62819E35600AD79C4 /* LocationServicesManager.swift */,
				E0E31DCA2819F4B300AD79C4 /* TimerManager.swift */,
				E0E31DDA281B586A00AD79C4 /* PhysMathManager.swift */,
				E0E31DAA2819999D00AD79C4 /* Positioning */,
				E0E31DAB281999AA00AD79C4 /* Analysis */,
				E02A4827282F4C1C00EA7B87 /* GettingInsideManager.swift */,
			);
			path = Manager;
			sourceTree = "<group>";
		};
		E08EAE7F28174C8E005F6A69 /* Manager */ = {
			isa = PBXGroup;
			children = (
				E0E31DB02819AD9400AD79C4 /* MapManagerTests.swift */,
				E0E31DD8281AF56D00AD79C4 /* UserManagerTests.swift */,
				E0E31DC02819DAD300AD79C4 /* BuildingManagerTests.swift */,
				E0E31DC82819E36F00AD79C4 /* LocationServicesManagerTests.swift */,
				E0E31DCC2819F4C300AD79C4 /* TimerManagerTests.swift */,
				E0E31DDC281B593800AD79C4 /* PhysMathManagerTests.swift */,
				E0E31DAE2819AD7500AD79C4 /* Positioning */,
				E0E31DAF2819AD8000AD79C4 /* Analysis */,
			);
			path = Manager;
			sourceTree = "<group>";
		};
		E08EAE8028174C9B005F6A69 /* ViewModel */ = {
			isa = PBXGroup;
			children = (
				E08EAE7D28174A0C005F6A69 /* MainViewModelTests.swift */,
				E0E31DCF281A09F600AD79C4 /* Delegate */,
			);
			path = ViewModel;
			sourceTree = "<group>";
		};
		E08EAE8128174CA1005F6A69 /* View */ = {
			isa = PBXGroup;
			children = (
				E08EAE70281747D6005F6A69 /* MainViewCotrollerTests.swift */,
			);
			path = View;
			sourceTree = "<group>";
		};
		E08EAE8228174CA4005F6A69 /* Model */ = {
			isa = PBXGroup;
			children = (
				E0E31DD3281A0A3100AD79C4 /* MotionData */,
				E0E31DD2281A0A2800AD79C4 /* Building */,
			);
			path = Model;
			sourceTree = "<group>";
		};
		E0E31D9B2818347200AD79C4 /* Protocol */ = {
			isa = PBXGroup;
			children = (
				E0E31D9528182E9F00AD79C4 /* MotionProtocol.swift */,
				E0E31DB82819D41B00AD79C4 /* BuildingProtocol.swift */,
			);
			path = Protocol;
			sourceTree = "<group>";
		};
		E0E31DAA2819999D00AD79C4 /* Positioning */ = {
			isa = PBXGroup;
			children = (
				E08EAE7228174866005F6A69 /* PositioningManager.swift */,
				E0E31D7F2817782C00AD79C4 /* PositioningMotionManager.swift */,
				E0E31D8D2818054200AD79C4 /* ReducingInaccuracyManager.swift */,
			);
			path = Positioning;
			sourceTree = "<group>";
		};
		E0E31DAB281999AA00AD79C4 /* Analysis */ = {
			isa = PBXGroup;
			children = (
				E0E31D9C28184DDC00AD79C4 /* MovementAnalysisManager.swift */,
			);
			path = Analysis;
			sourceTree = "<group>";
		};
		E0E31DAE2819AD7500AD79C4 /* Positioning */ = {
			isa = PBXGroup;
			children = (
				E0E31D812817785E00AD79C4 /* PositioningManagerTests.swift */,
				E08EAE74281748F3005F6A69 /* PositioningMotionManagerTests.swift */,
				E0E31D8F2818056500AD79C4 /* ReducingInaccuracyManagerTests.swift */,
			);
			path = Positioning;
			sourceTree = "<group>";
		};
		E0E31DAF2819AD8000AD79C4 /* Analysis */ = {
			isa = PBXGroup;
			children = (
				E0E31D9E28184DEE00AD79C4 /* MovementAnalysisManagerTests.swift */,
			);
			path = Analysis;
			sourceTree = "<group>";
		};
		E0E31DCE281A09E100AD79C4 /* Delegate */ = {
			isa = PBXGroup;
			children = (
				E0E31DA6281982B900AD79C4 /* ScrollViewDelegate.swift */,
				E0E31DC22819E14500AD79C4 /* LocationManagerDelegate.swift */,
			);
			path = Delegate;
			sourceTree = "<group>";
		};
		E0E31DCF281A09F600AD79C4 /* Delegate */ = {
			isa = PBXGroup;
			children = (
				E0E31DA8281982FE00AD79C4 /* ScrollViewDelegateTests.swift */,
				E0E31DC42819E18A00AD79C4 /* LocationManagerDelegateTests.swift */,
			);
			path = Delegate;
			sourceTree = "<group>";
		};
		E0E31DD0281A0A0600AD79C4 /* Building */ = {
			isa = PBXGroup;
			children = (
				E0E31DB22819AEB300AD79C4 /* BuildingCoordinate.swift */,
				E0E31DBA2819D47D00AD79C4 /* BuildingArea.swift */,
			);
			path = Building;
			sourceTree = "<group>";
		};
		E0E31DD1281A0A1500AD79C4 /* Motion Data */ = {
			isa = PBXGroup;
			children = (
				E0E31D8B281784AA00AD79C4 /* MotionData.swift */,
				E0E31D8728177E6300AD79C4 /* RotationRate.swift */,
				E0E31D8528177E3200AD79C4 /* Attitude.swift */,
				E0E31D8328177DED00AD79C4 /* UserAcceleration.swift */,
				E0E31D8928177E8600AD79C4 /* Gravity.swift */,
			);
			path = "Motion Data";
			sourceTree = "<group>";
		};
		E0E31DD2281A0A2800AD79C4 /* Building */ = {
			isa = PBXGroup;
			children = (
				E0E31DB62819B18100AD79C4 /* BuildingCoordinateTests.swift */,
				E0E31DBC2819D90900AD79C4 /* BuildingAreaTests.swift */,
			);
			path = Building;
			sourceTree = "<group>";
		};
		E0E31DD3281A0A3100AD79C4 /* MotionData */ = {
			isa = PBXGroup;
			children = (
				E0E31D9128182B8200AD79C4 /* RotationRateTests.swift */,
				E0E31D9328182DE200AD79C4 /* AttitudeTests.swift */,
				E0E31D9728182FB300AD79C4 /* UserAccelerationTests.swift */,
				E0E31D992818312100AD79C4 /* GravityTests.swift */,
			);
			path = MotionData;
			sourceTree = "<group>";
		};
/* End PBXGroup section */

/* Begin PBXNativeTarget section */
		E03A4EFE2817370D0087BD9F /* Local positioning system */ = {
			isa = PBXNativeTarget;
			buildConfigurationList = E03A4F2C281737100087BD9F /* Build configuration list for PBXNativeTarget "Local positioning system" */;
			buildPhases = (
				E03A4EFB2817370D0087BD9F /* Sources */,
				E03A4EFC2817370D0087BD9F /* Frameworks */,
				E03A4EFD2817370D0087BD9F /* Resources */,
			);
			buildRules = (
			);
			dependencies = (
			);
			name = "Local positioning system";
			productName = "Local positioning system";
			productReference = E03A4EFF2817370D0087BD9F /* Local positioning system.app */;
			productType = "com.apple.product-type.application";
		};
		E03A4F172817370F0087BD9F /* Local positioning systemTests */ = {
			isa = PBXNativeTarget;
			buildConfigurationList = E03A4F2F281737100087BD9F /* Build configuration list for PBXNativeTarget "Local positioning systemTests" */;
			buildPhases = (
				E03A4F142817370F0087BD9F /* Sources */,
				E03A4F152817370F0087BD9F /* Frameworks */,
				E03A4F162817370F0087BD9F /* Resources */,
			);
			buildRules = (
			);
			dependencies = (
				E03A4F1A2817370F0087BD9F /* PBXTargetDependency */,
			);
			name = "Local positioning systemTests";
			productName = "Local positioning systemTests";
			productReference = E03A4F182817370F0087BD9F /* Local positioning systemTests.xctest */;
			productType = "com.apple.product-type.bundle.unit-test";
		};
		E03A4F21281737100087BD9F /* Local positioning systemUITests */ = {
			isa = PBXNativeTarget;
			buildConfigurationList = E03A4F32281737100087BD9F /* Build configuration list for PBXNativeTarget "Local positioning systemUITests" */;
			buildPhases = (
				E03A4F1E281737100087BD9F /* Sources */,
				E03A4F1F281737100087BD9F /* Frameworks */,
				E03A4F20281737100087BD9F /* Resources */,
			);
			buildRules = (
			);
			dependencies = (
				E03A4F24281737100087BD9F /* PBXTargetDependency */,
			);
			name = "Local positioning systemUITests";
			productName = "Local positioning systemUITests";
			productReference = E03A4F22281737100087BD9F /* Local positioning systemUITests.xctest */;
			productType = "com.apple.product-type.bundle.ui-testing";
		};
/* End PBXNativeTarget section */

/* Begin PBXProject section */
		E03A4EF72817370D0087BD9F /* Project object */ = {
			isa = PBXProject;
			attributes = {
				BuildIndependentTargetsInParallel = 1;
				LastSwiftUpdateCheck = 1330;
				LastUpgradeCheck = 1330;
				TargetAttributes = {
					E03A4EFE2817370D0087BD9F = {
						CreatedOnToolsVersion = 13.3.1;
					};
					E03A4F172817370F0087BD9F = {
						CreatedOnToolsVersion = 13.3.1;
						TestTargetID = E03A4EFE2817370D0087BD9F;
					};
					E03A4F21281737100087BD9F = {
						CreatedOnToolsVersion = 13.3.1;
						TestTargetID = E03A4EFE2817370D0087BD9F;
					};
				};
			};
			buildConfigurationList = E03A4EFA2817370D0087BD9F /* Build configuration list for PBXProject "Local positioning system" */;
			compatibilityVersion = "Xcode 13.0";
			developmentRegion = en;
			hasScannedForEncodings = 0;
			knownRegions = (
				en,
				Base,
			);
			mainGroup = E03A4EF62817370D0087BD9F;
			productRefGroup = E03A4F002817370D0087BD9F /* Products */;
			projectDirPath = "";
			projectRoot = "";
			targets = (
				E03A4EFE2817370D0087BD9F /* Local positioning system */,
				E03A4F172817370F0087BD9F /* Local positioning systemTests */,
				E03A4F21281737100087BD9F /* Local positioning systemUITests */,
			);
		};
/* End PBXProject section */

/* Begin PBXResourcesBuildPhase section */
		E03A4EFD2817370D0087BD9F /* Resources */ = {
			isa = PBXResourcesBuildPhase;
			buildActionMask = 2147483647;
			files = (
				E03A4F122817370F0087BD9F /* LaunchScreen.storyboard in Resources */,
				E03A4F0F2817370F0087BD9F /* Assets.xcassets in Resources */,
				E0E31DB52819B05E00AD79C4 /* Data.plist in Resources */,
				E03A4F0A2817370D0087BD9F /* Main.storyboard in Resources */,
			);
			runOnlyForDeploymentPostprocessing = 0;
		};
		E03A4F162817370F0087BD9F /* Resources */ = {
			isa = PBXResourcesBuildPhase;
			buildActionMask = 2147483647;
			files = (
			);
			runOnlyForDeploymentPostprocessing = 0;
		};
		E03A4F20281737100087BD9F /* Resources */ = {
			isa = PBXResourcesBuildPhase;
			buildActionMask = 2147483647;
			files = (
			);
			runOnlyForDeploymentPostprocessing = 0;
		};
/* End PBXResourcesBuildPhase section */

/* Begin PBXSourcesBuildPhase section */
		E03A4EFB2817370D0087BD9F /* Sources */ = {
			isa = PBXSourcesBuildPhase;
			buildActionMask = 2147483647;
			files = (
				E0E31DC72819E35600AD79C4 /* LocationServicesManager.swift in Sources */,
				E03A4F032817370D0087BD9F /* AppDelegate.swift in Sources */,
				E0E31DAD2819AD6B00AD79C4 /* MapManager.swift in Sources */,
				E0E31DDB281B586A00AD79C4 /* PhysMathManager.swift in Sources */,
				E03A4F0D2817370D0087BD9F /* Local_positioning_system.xcdatamodeld in Sources */,
				E0E31D8A28177E8600AD79C4 /* Gravity.swift in Sources */,
				E0E31D8428177DED00AD79C4 /* UserAcceleration.swift in Sources */,
				E0E31DB92819D41B00AD79C4 /* BuildingProtocol.swift in Sources */,
				E0E31D8828177E6300AD79C4 /* RotationRate.swift in Sources */,
				E0E31D802817782C00AD79C4 /* PositioningMotionManager.swift in Sources */,
				E0E31DCB2819F4B300AD79C4 /* TimerManager.swift in Sources */,
				E03A4F052817370D0087BD9F /* SceneDelegate.swift in Sources */,
				E0E31D9D28184DDC00AD79C4 /* MovementAnalysisManager.swift in Sources */,
				E0E31DA7281982B900AD79C4 /* ScrollViewDelegate.swift in Sources */,
				E02A4828282F4C1C00EA7B87 /* GettingInsideManager.swift in Sources */,
				E02A4826282D16D300EA7B87 /* Position.swift in Sources */,
				E0E31D8C281784AA00AD79C4 /* MotionData.swift in Sources */,
				E0E31DB32819AEB300AD79C4 /* BuildingCoordinate.swift in Sources */,
				E0E31DBF2819DAB700AD79C4 /* BuildingManager.swift in Sources */,
				E0E31D8628177E3200AD79C4 /* Attitude.swift in Sources */,
				E0E31DE1281C280C00AD79C4 /* TriangleSides.swift in Sources */,
				E0E31D9628182E9F00AD79C4 /* MotionProtocol.swift in Sources */,
				E0E31DD7281AF55400AD79C4 /* UserManager.swift in Sources */,
				E08EAE6F281747A5005F6A69 /* MainViewController.swift in Sources */,
				E0E31D8E2818054200AD79C4 /* ReducingInaccuracyManager.swift in Sources */,
				E02A482A282FC46700EA7B87 /* AlertManager.swift in Sources */,
				E08EAE7328174866005F6A69 /* PositioningManager.swift in Sources */,
				E0E31DC32819E14500AD79C4 /* LocationManagerDelegate.swift in Sources */,
				E08EAE7C281749F3005F6A69 /* MainViewModel.swift in Sources */,
				E0E31DBB2819D47D00AD79C4 /* BuildingArea.swift in Sources */,
			);
			runOnlyForDeploymentPostprocessing = 0;
		};
		E03A4F142817370F0087BD9F /* Sources */ = {
			isa = PBXSourcesBuildPhase;
			buildActionMask = 2147483647;
			files = (
				E0E31DB12819AD9400AD79C4 /* MapManagerTests.swift in Sources */,
				E08EAE7E28174A0C005F6A69 /* MainViewModelTests.swift in Sources */,
				E0E31D9428182DE200AD79C4 /* AttitudeTests.swift in Sources */,
				E0E31DCD2819F4C300AD79C4 /* TimerManagerTests.swift in Sources */,
				E0E31D822817785E00AD79C4 /* PositioningManagerTests.swift in Sources */,
				E0E31DC92819E36F00AD79C4 /* LocationServicesManagerTests.swift in Sources */,
				E0E31DDD281B593800AD79C4 /* PhysMathManagerTests.swift in Sources */,
				E08EAE71281747D6005F6A69 /* MainViewCotrollerTests.swift in Sources */,
				E0E31D9F28184DEE00AD79C4 /* MovementAnalysisManagerTests.swift in Sources */,
				E0E31DC12819DAD300AD79C4 /* BuildingManagerTests.swift in Sources */,
				E08EAE75281748F3005F6A69 /* PositioningMotionManagerTests.swift in Sources */,
				E0E31D9A2818312100AD79C4 /* GravityTests.swift in Sources */,
				E0E31D9828182FB300AD79C4 /* UserAccelerationTests.swift in Sources */,
				E0E31DA9281982FE00AD79C4 /* ScrollViewDelegateTests.swift in Sources */,
				E0E31DC52819E18A00AD79C4 /* LocationManagerDelegateTests.swift in Sources */,
				E0E31DD9281AF56D00AD79C4 /* UserManagerTests.swift in Sources */,
				E0E31D902818056500AD79C4 /* ReducingInaccuracyManagerTests.swift in Sources */,
				E0E31DBD2819D90900AD79C4 /* BuildingAreaTests.swift in Sources */,
				E0E31DB72819B18100AD79C4 /* BuildingCoordinateTests.swift in Sources */,
				E0E31D9228182B8200AD79C4 /* RotationRateTests.swift in Sources */,
			);
			runOnlyForDeploymentPostprocessing = 0;
		};
		E03A4F1E281737100087BD9F /* Sources */ = {
			isa = PBXSourcesBuildPhase;
			buildActionMask = 2147483647;
			files = (
				E03A4F27281737100087BD9F /* Local_positioning_systemUITests.swift in Sources */,
				E03A4F29281737100087BD9F /* Local_positioning_systemUITestsLaunchTests.swift in Sources */,
			);
			runOnlyForDeploymentPostprocessing = 0;
		};
/* End PBXSourcesBuildPhase section */

/* Begin PBXTargetDependency section */
		E03A4F1A2817370F0087BD9F /* PBXTargetDependency */ = {
			isa = PBXTargetDependency;
			target = E03A4EFE2817370D0087BD9F /* Local positioning system */;
			targetProxy = E03A4F192817370F0087BD9F /* PBXContainerItemProxy */;
		};
		E03A4F24281737100087BD9F /* PBXTargetDependency */ = {
			isa = PBXTargetDependency;
			target = E03A4EFE2817370D0087BD9F /* Local positioning system */;
			targetProxy = E03A4F23281737100087BD9F /* PBXContainerItemProxy */;
		};
/* End PBXTargetDependency section */

/* Begin PBXVariantGroup section */
		E03A4F082817370D0087BD9F /* Main.storyboard */ = {
			isa = PBXVariantGroup;
			children = (
				E03A4F092817370D0087BD9F /* Base */,
			);
			name = Main.storyboard;
			sourceTree = "<group>";
		};
		E03A4F102817370F0087BD9F /* LaunchScreen.storyboard */ = {
			isa = PBXVariantGroup;
			children = (
				E03A4F112817370F0087BD9F /* Base */,
			);
			name = LaunchScreen.storyboard;
			sourceTree = "<group>";
		};
/* End PBXVariantGroup section */

/* Begin XCBuildConfiguration section */
		E03A4F2A281737100087BD9F /* Debug */ = {
			isa = XCBuildConfiguration;
			buildSettings = {
				ALWAYS_SEARCH_USER_PATHS = NO;
				CLANG_ANALYZER_NONNULL = YES;
				CLANG_ANALYZER_NUMBER_OBJECT_CONVERSION = YES_AGGRESSIVE;
				CLANG_CXX_LANGUAGE_STANDARD = "gnu++17";
				CLANG_ENABLE_MODULES = YES;
				CLANG_ENABLE_OBJC_ARC = YES;
				CLANG_ENABLE_OBJC_WEAK = YES;
				CLANG_WARN_BLOCK_CAPTURE_AUTORELEASING = YES;
				CLANG_WARN_BOOL_CONVERSION = YES;
				CLANG_WARN_COMMA = YES;
				CLANG_WARN_CONSTANT_CONVERSION = YES;
				CLANG_WARN_DEPRECATED_OBJC_IMPLEMENTATIONS = YES;
				CLANG_WARN_DIRECT_OBJC_ISA_USAGE = YES_ERROR;
				CLANG_WARN_DOCUMENTATION_COMMENTS = YES;
				CLANG_WARN_EMPTY_BODY = YES;
				CLANG_WARN_ENUM_CONVERSION = YES;
				CLANG_WARN_INFINITE_RECURSION = YES;
				CLANG_WARN_INT_CONVERSION = YES;
				CLANG_WARN_NON_LITERAL_NULL_CONVERSION = YES;
				CLANG_WARN_OBJC_IMPLICIT_RETAIN_SELF = YES;
				CLANG_WARN_OBJC_LITERAL_CONVERSION = YES;
				CLANG_WARN_OBJC_ROOT_CLASS = YES_ERROR;
				CLANG_WARN_QUOTED_INCLUDE_IN_FRAMEWORK_HEADER = YES;
				CLANG_WARN_RANGE_LOOP_ANALYSIS = YES;
				CLANG_WARN_STRICT_PROTOTYPES = YES;
				CLANG_WARN_SUSPICIOUS_MOVE = YES;
				CLANG_WARN_UNGUARDED_AVAILABILITY = YES_AGGRESSIVE;
				CLANG_WARN_UNREACHABLE_CODE = YES;
				CLANG_WARN__DUPLICATE_METHOD_MATCH = YES;
				COPY_PHASE_STRIP = NO;
				DEBUG_INFORMATION_FORMAT = dwarf;
				ENABLE_STRICT_OBJC_MSGSEND = YES;
				ENABLE_TESTABILITY = YES;
				GCC_C_LANGUAGE_STANDARD = gnu11;
				GCC_DYNAMIC_NO_PIC = NO;
				GCC_NO_COMMON_BLOCKS = YES;
				GCC_OPTIMIZATION_LEVEL = 0;
				GCC_PREPROCESSOR_DEFINITIONS = (
					"DEBUG=1",
					"$(inherited)",
				);
				GCC_WARN_64_TO_32_BIT_CONVERSION = YES;
				GCC_WARN_ABOUT_RETURN_TYPE = YES_ERROR;
				GCC_WARN_UNDECLARED_SELECTOR = YES;
				GCC_WARN_UNINITIALIZED_AUTOS = YES_AGGRESSIVE;
				GCC_WARN_UNUSED_FUNCTION = YES;
				GCC_WARN_UNUSED_VARIABLE = YES;
				IPHONEOS_DEPLOYMENT_TARGET = 15.4;
				MTL_ENABLE_DEBUG_INFO = INCLUDE_SOURCE;
				MTL_FAST_MATH = YES;
				ONLY_ACTIVE_ARCH = YES;
				SDKROOT = iphoneos;
				SWIFT_ACTIVE_COMPILATION_CONDITIONS = DEBUG;
				SWIFT_OPTIMIZATION_LEVEL = "-Onone";
			};
			name = Debug;
		};
		E03A4F2B281737100087BD9F /* Release */ = {
			isa = XCBuildConfiguration;
			buildSettings = {
				ALWAYS_SEARCH_USER_PATHS = NO;
				CLANG_ANALYZER_NONNULL = YES;
				CLANG_ANALYZER_NUMBER_OBJECT_CONVERSION = YES_AGGRESSIVE;
				CLANG_CXX_LANGUAGE_STANDARD = "gnu++17";
				CLANG_ENABLE_MODULES = YES;
				CLANG_ENABLE_OBJC_ARC = YES;
				CLANG_ENABLE_OBJC_WEAK = YES;
				CLANG_WARN_BLOCK_CAPTURE_AUTORELEASING = YES;
				CLANG_WARN_BOOL_CONVERSION = YES;
				CLANG_WARN_COMMA = YES;
				CLANG_WARN_CONSTANT_CONVERSION = YES;
				CLANG_WARN_DEPRECATED_OBJC_IMPLEMENTATIONS = YES;
				CLANG_WARN_DIRECT_OBJC_ISA_USAGE = YES_ERROR;
				CLANG_WARN_DOCUMENTATION_COMMENTS = YES;
				CLANG_WARN_EMPTY_BODY = YES;
				CLANG_WARN_ENUM_CONVERSION = YES;
				CLANG_WARN_INFINITE_RECURSION = YES;
				CLANG_WARN_INT_CONVERSION = YES;
				CLANG_WARN_NON_LITERAL_NULL_CONVERSION = YES;
				CLANG_WARN_OBJC_IMPLICIT_RETAIN_SELF = YES;
				CLANG_WARN_OBJC_LITERAL_CONVERSION = YES;
				CLANG_WARN_OBJC_ROOT_CLASS = YES_ERROR;
				CLANG_WARN_QUOTED_INCLUDE_IN_FRAMEWORK_HEADER = YES;
				CLANG_WARN_RANGE_LOOP_ANALYSIS = YES;
				CLANG_WARN_STRICT_PROTOTYPES = YES;
				CLANG_WARN_SUSPICIOUS_MOVE = YES;
				CLANG_WARN_UNGUARDED_AVAILABILITY = YES_AGGRESSIVE;
				CLANG_WARN_UNREACHABLE_CODE = YES;
				CLANG_WARN__DUPLICATE_METHOD_MATCH = YES;
				COPY_PHASE_STRIP = NO;
				DEBUG_INFORMATION_FORMAT = "dwarf-with-dsym";
				ENABLE_NS_ASSERTIONS = NO;
				ENABLE_STRICT_OBJC_MSGSEND = YES;
				GCC_C_LANGUAGE_STANDARD = gnu11;
				GCC_NO_COMMON_BLOCKS = YES;
				GCC_WARN_64_TO_32_BIT_CONVERSION = YES;
				GCC_WARN_ABOUT_RETURN_TYPE = YES_ERROR;
				GCC_WARN_UNDECLARED_SELECTOR = YES;
				GCC_WARN_UNINITIALIZED_AUTOS = YES_AGGRESSIVE;
				GCC_WARN_UNUSED_FUNCTION = YES;
				GCC_WARN_UNUSED_VARIABLE = YES;
				IPHONEOS_DEPLOYMENT_TARGET = 15.4;
				MTL_ENABLE_DEBUG_INFO = NO;
				MTL_FAST_MATH = YES;
				SDKROOT = iphoneos;
				SWIFT_COMPILATION_MODE = wholemodule;
				SWIFT_OPTIMIZATION_LEVEL = "-O";
				VALIDATE_PRODUCT = YES;
			};
			name = Release;
		};
		E03A4F2D281737100087BD9F /* Debug */ = {
			isa = XCBuildConfiguration;
			buildSettings = {
				ASSETCATALOG_COMPILER_APPICON_NAME = AppIcon;
				ASSETCATALOG_COMPILER_GLOBAL_ACCENT_COLOR_NAME = AccentColor;
				CODE_SIGN_STYLE = Automatic;
				CURRENT_PROJECT_VERSION = 1;
				DEVELOPMENT_TEAM = VWW7MQ2767;
				GENERATE_INFOPLIST_FILE = YES;
				INFOPLIST_FILE = "Local positioning system/Supporting/Info.plist";
				INFOPLIST_KEY_CFBundleDisplayName = LPS;
				INFOPLIST_KEY_NSLocationWhenInUseUsageDescription = "Для определения приближения к зданию корпуса \"Е\" МИРЭА.";
				INFOPLIST_KEY_UIApplicationSupportsIndirectInputEvents = YES;
				INFOPLIST_KEY_UILaunchStoryboardName = LaunchScreen;
				INFOPLIST_KEY_UIMainStoryboardFile = Main;
				INFOPLIST_KEY_UISupportedInterfaceOrientations = UIInterfaceOrientationPortrait;
				INFOPLIST_KEY_UISupportedInterfaceOrientations_iPad = "UIInterfaceOrientationPortrait UIInterfaceOrientationPortraitUpsideDown UIInterfaceOrientationLandscapeLeft UIInterfaceOrientationLandscapeRight";
				INFOPLIST_KEY_UISupportedInterfaceOrientations_iPhone = "UIInterfaceOrientationPortrait UIInterfaceOrientationLandscapeLeft UIInterfaceOrientationLandscapeRight";
				LD_RUNPATH_SEARCH_PATHS = (
					"$(inherited)",
					"@executable_path/Frameworks",
				);
				MARKETING_VERSION = 1.0;
				PRODUCT_BUNDLE_IDENTIFIER = "com.hutr0.Local-positioning-system";
				PRODUCT_NAME = "$(TARGET_NAME)";
				SWIFT_EMIT_LOC_STRINGS = YES;
				SWIFT_VERSION = 5.0;
				TARGETED_DEVICE_FAMILY = 1;
			};
			name = Debug;
		};
		E03A4F2E281737100087BD9F /* Release */ = {
			isa = XCBuildConfiguration;
			buildSettings = {
				ASSETCATALOG_COMPILER_APPICON_NAME = AppIcon;
				ASSETCATALOG_COMPILER_GLOBAL_ACCENT_COLOR_NAME = AccentColor;
				CODE_SIGN_STYLE = Automatic;
				CURRENT_PROJECT_VERSION = 1;
				DEVELOPMENT_TEAM = VWW7MQ2767;
				GENERATE_INFOPLIST_FILE = YES;
				INFOPLIST_FILE = "Local positioning system/Supporting/Info.plist";
				INFOPLIST_KEY_CFBundleDisplayName = LPS;
				INFOPLIST_KEY_NSLocationWhenInUseUsageDescription = "Для определения приближения к зданию корпуса \"Е\" МИРЭА.";
				INFOPLIST_KEY_UIApplicationSupportsIndirectInputEvents = YES;
				INFOPLIST_KEY_UILaunchStoryboardName = LaunchScreen;
				INFOPLIST_KEY_UIMainStoryboardFile = Main;
				INFOPLIST_KEY_UISupportedInterfaceOrientations = UIInterfaceOrientationPortrait;
				INFOPLIST_KEY_UISupportedInterfaceOrientations_iPad = "UIInterfaceOrientationPortrait UIInterfaceOrientationPortraitUpsideDown UIInterfaceOrientationLandscapeLeft UIInterfaceOrientationLandscapeRight";
				INFOPLIST_KEY_UISupportedInterfaceOrientations_iPhone = "UIInterfaceOrientationPortrait UIInterfaceOrientationLandscapeLeft UIInterfaceOrientationLandscapeRight";
				LD_RUNPATH_SEARCH_PATHS = (
					"$(inherited)",
					"@executable_path/Frameworks",
				);
				MARKETING_VERSION = 1.0;
				PRODUCT_BUNDLE_IDENTIFIER = "com.hutr0.Local-positioning-system";
				PRODUCT_NAME = "$(TARGET_NAME)";
				SWIFT_EMIT_LOC_STRINGS = YES;
				SWIFT_VERSION = 5.0;
				TARGETED_DEVICE_FAMILY = 1;
			};
			name = Release;
		};
		E03A4F30281737100087BD9F /* Debug */ = {
			isa = XCBuildConfiguration;
			buildSettings = {
				ALWAYS_EMBED_SWIFT_STANDARD_LIBRARIES = YES;
				BUNDLE_LOADER = "$(TEST_HOST)";
				CODE_SIGN_STYLE = Automatic;
				CURRENT_PROJECT_VERSION = 1;
				DEVELOPMENT_TEAM = VWW7MQ2767;
				GENERATE_INFOPLIST_FILE = YES;
				IPHONEOS_DEPLOYMENT_TARGET = 15.4;
				MARKETING_VERSION = 1.0;
				PRODUCT_BUNDLE_IDENTIFIER = "com.hutr0.Local-positioning-systemTests";
				PRODUCT_NAME = "$(TARGET_NAME)";
				SWIFT_EMIT_LOC_STRINGS = NO;
				SWIFT_VERSION = 5.0;
				TARGETED_DEVICE_FAMILY = "1,2";
				TEST_HOST = "$(BUILT_PRODUCTS_DIR)/Local positioning system.app/Local positioning system";
			};
			name = Debug;
		};
		E03A4F31281737100087BD9F /* Release */ = {
			isa = XCBuildConfiguration;
			buildSettings = {
				ALWAYS_EMBED_SWIFT_STANDARD_LIBRARIES = YES;
				BUNDLE_LOADER = "$(TEST_HOST)";
				CODE_SIGN_STYLE = Automatic;
				CURRENT_PROJECT_VERSION = 1;
				DEVELOPMENT_TEAM = VWW7MQ2767;
				GENERATE_INFOPLIST_FILE = YES;
				IPHONEOS_DEPLOYMENT_TARGET = 15.4;
				MARKETING_VERSION = 1.0;
				PRODUCT_BUNDLE_IDENTIFIER = "com.hutr0.Local-positioning-systemTests";
				PRODUCT_NAME = "$(TARGET_NAME)";
				SWIFT_EMIT_LOC_STRINGS = NO;
				SWIFT_VERSION = 5.0;
				TARGETED_DEVICE_FAMILY = "1,2";
				TEST_HOST = "$(BUILT_PRODUCTS_DIR)/Local positioning system.app/Local positioning system";
			};
			name = Release;
		};
		E03A4F33281737100087BD9F /* Debug */ = {
			isa = XCBuildConfiguration;
			buildSettings = {
				ALWAYS_EMBED_SWIFT_STANDARD_LIBRARIES = YES;
				CODE_SIGN_STYLE = Automatic;
				CURRENT_PROJECT_VERSION = 1;
				DEVELOPMENT_TEAM = VWW7MQ2767;
				GENERATE_INFOPLIST_FILE = YES;
				MARKETING_VERSION = 1.0;
				PRODUCT_BUNDLE_IDENTIFIER = "com.hutr0.Local-positioning-systemUITests";
				PRODUCT_NAME = "$(TARGET_NAME)";
				SWIFT_EMIT_LOC_STRINGS = NO;
				SWIFT_VERSION = 5.0;
				TARGETED_DEVICE_FAMILY = "1,2";
				TEST_TARGET_NAME = "Local positioning system";
			};
			name = Debug;
		};
		E03A4F34281737100087BD9F /* Release */ = {
			isa = XCBuildConfiguration;
			buildSettings = {
				ALWAYS_EMBED_SWIFT_STANDARD_LIBRARIES = YES;
				CODE_SIGN_STYLE = Automatic;
				CURRENT_PROJECT_VERSION = 1;
				DEVELOPMENT_TEAM = VWW7MQ2767;
				GENERATE_INFOPLIST_FILE = YES;
				MARKETING_VERSION = 1.0;
				PRODUCT_BUNDLE_IDENTIFIER = "com.hutr0.Local-positioning-systemUITests";
				PRODUCT_NAME = "$(TARGET_NAME)";
				SWIFT_EMIT_LOC_STRINGS = NO;
				SWIFT_VERSION = 5.0;
				TARGETED_DEVICE_FAMILY = "1,2";
				TEST_TARGET_NAME = "Local positioning system";
			};
			name = Release;
		};
/* End XCBuildConfiguration section */

/* Begin XCConfigurationList section */
		E03A4EFA2817370D0087BD9F /* Build configuration list for PBXProject "Local positioning system" */ = {
			isa = XCConfigurationList;
			buildConfigurations = (
				E03A4F2A281737100087BD9F /* Debug */,
				E03A4F2B281737100087BD9F /* Release */,
			);
			defaultConfigurationIsVisible = 0;
			defaultConfigurationName = Release;
		};
		E03A4F2C281737100087BD9F /* Build configuration list for PBXNativeTarget "Local positioning system" */ = {
			isa = XCConfigurationList;
			buildConfigurations = (
				E03A4F2D281737100087BD9F /* Debug */,
				E03A4F2E281737100087BD9F /* Release */,
			);
			defaultConfigurationIsVisible = 0;
			defaultConfigurationName = Release;
		};
		E03A4F2F281737100087BD9F /* Build configuration list for PBXNativeTarget "Local positioning systemTests" */ = {
			isa = XCConfigurationList;
			buildConfigurations = (
				E03A4F30281737100087BD9F /* Debug */,
				E03A4F31281737100087BD9F /* Release */,
			);
			defaultConfigurationIsVisible = 0;
			defaultConfigurationName = Release;
		};
		E03A4F32281737100087BD9F /* Build configuration list for PBXNativeTarget "Local positioning systemUITests" */ = {
			isa = XCConfigurationList;
			buildConfigurations = (
				E03A4F33281737100087BD9F /* Debug */,
				E03A4F34281737100087BD9F /* Release */,
			);
			defaultConfigurationIsVisible = 0;
			defaultConfigurationName = Release;
		};
/* End XCConfigurationList section */

/* Begin XCVersionGroup section */
		E03A4F0B2817370D0087BD9F /* Local_positioning_system.xcdatamodeld */ = {
			isa = XCVersionGroup;
			children = (
				E03A4F0C2817370D0087BD9F /* Local_positioning_system.xcdatamodel */,
			);
			currentVersion = E03A4F0C2817370D0087BD9F /* Local_positioning_system.xcdatamodel */;
			path = Local_positioning_system.xcdatamodeld;
			sourceTree = "<group>";
			versionGroupType = wrapper.xcdatamodel;
		};
/* End XCVersionGroup section */
	};
	rootObject = E03A4EF72817370D0087BD9F /* Project object */;
}
